PODS:
  - Expecta (1.0.6)
  - HIBaseToolKit (0.1.3)
  - Specta (1.0.7)

DEPENDENCIES:
  - Expecta
  - HIBaseToolKit (from `../`)
  - Specta

SPEC REPOS:
  https://github.com/CocoaPods/Specs.git:
    - Expecta
    - Specta

EXTERNAL SOURCES:
  HIBaseToolKit:
    :path: "../"

SPEC CHECKSUMS:
  Expecta: 3b6bd90a64b9a1dcb0b70aa0e10a7f8f631667d5
  HIBaseToolKit: ab6ad7b77284ca1ca952054594f9745096841635
  Specta: 3e1bd89c3517421982dc4d1c992503e48bd5fe66

PODFILE CHECKSUM: efa303ffd4cdf96eb5bc14e753d073413c63ea65

COCOAPODS: 1.9.1
